// !$*UTF8*$!
{
	archiveVersion = 1;
	classes = {
	};
	objectVersion = 60;
	objects = {

/* Begin PBXBuildFile section */
		A10000000000000000000001 /* NikonLinkApp.swift in Sources */ = {isa = PBXBuildFile; fileRef = B10000000000000000000001 /* NikonLinkApp.swift */; };
		A10000000000000000000002 /* AppModel.swift in Sources */ = {isa = PBXBuildFile; fileRef = B10000000000000000000002 /* AppModel.swift */; };
		A10000000000000000000003 /* CameraService.swift in Sources */ = {isa = PBXBuildFile; fileRef = B10000000000000000000003 /* CameraService.swift */; };
		A10000000000000000000004 /* RootView.swift in Sources */ = {isa = PBXBuildFile; fileRef = B10000000000000000000004 /* RootView.swift */; };
		A10000000000000000000005 /* Assets.xcassets in Resources */ = {isa = PBXBuildFile; fileRef = B10000000000000000000006 /* Assets.xcassets */; };
		A10000000000000000000006 /* WirelessTransferServer.swift in Sources */ = {isa = PBXBuildFile; fileRef = B10000000000000000000008 /* WirelessTransferServer.swift */; };
		A10000000000000000000007 /* DiagnosticLogger.swift in Sources */ = {isa = PBXBuildFile; fileRef = B10000000000000000000009 /* DiagnosticLogger.swift */; };
		A10000000000000000000008 /* wechat-donation.png in Resources */ = {isa = PBXBuildFile; fileRef = B10000000000000000000010 /* wechat-donation.png */; };
		A10000000000000000000009 /* UpdateController.swift in Sources */ = {isa = PBXBuildFile; fileRef = B10000000000000000000011 /* UpdateController.swift */; };
		A10000000000000000000010 /* Localizable.strings in Resources */ = {isa = PBXBuildFile; fileRef = B10000000000000000000014 /* Localizable.strings */; };
		A10000000000000000000011 /* InfoPlist.strings in Resources */ = {isa = PBXBuildFile; fileRef = B10000000000000000000017 /* InfoPlist.strings */; };
		A10000000000000000000012 /* CaptureWorkflow.swift in Sources */ = {isa = PBXBuildFile; fileRef = B10000000000000000000020 /* CaptureWorkflow.swift */; };
		A10000000000000000000013 /* ProfessionalMonitor.swift in Sources */ = {isa = PBXBuildFile; fileRef = B10000000000000000000021 /* ProfessionalMonitor.swift */; };
		A10000000000000000000022 /* RemoteCaptureServices.swift in Sources */ = {isa = PBXBuildFile; fileRef = B10000000000000000000022 /* RemoteCaptureServices.swift */; };
		A10000000000000000000023 /* CameraStorage.swift in Sources */ = {isa = PBXBuildFile; fileRef = B10000000000000000000023 /* CameraStorage.swift */; };
		A10000000000000000000024 /* NikonCloudPreview.swift in Sources */ = {isa = PBXBuildFile; fileRef = B10000000000000000000024 /* NikonCloudPreview.swift */; };
		A10000000000000000000025 /* nikon-cloud-presets.json in Resources */ = {isa = PBXBuildFile; fileRef = B10000000000000000000025 /* nikon-cloud-presets.json */; };
		A10000000000000000000026 /* ExternalVideoRecorder.swift in Sources */ = {isa = PBXBuildFile; fileRef = B10000000000000000000026 /* ExternalVideoRecorder.swift */; };
		A10000000000000000000027 /* LivePhotoClipRecorder.swift in Sources */ = {isa = PBXBuildFile; fileRef = B10000000000000000000027 /* LivePhotoClipRecorder.swift */; };
/* End PBXBuildFile section */

/* Begin PBXFileReference section */
		B10000000000000000000001 /* NikonLinkApp.swift */ = {isa = PBXFileReference; lastKnownFileType = sourcecode.swift; path = NikonLinkApp.swift; sourceTree = "<group>"; };
		B10000000000000000000002 /* AppModel.swift */ = {isa = PBXFileReference; lastKnownFileType = sourcecode.swift; path = AppModel.swift; sourceTree = "<group>"; };
		B10000000000000000000003 /* CameraService.swift */ = {isa = PBXFileReference; lastKnownFileType = sourcecode.swift; path = CameraService.swift; sourceTree = "<group>"; };
		B10000000000000000000004 /* RootView.swift */ = {isa = PBXFileReference; lastKnownFileType = sourcecode.swift; path = RootView.swift; sourceTree = "<group>"; };
		B10000000000000000000005 /* Info.plist */ = {isa = PBXFileReference; lastKnownFileType = text.plist.xml; path = Info.plist; sourceTree = "<group>"; };
		B10000000000000000000006 /* Assets.xcassets */ = {isa = PBXFileReference; lastKnownFileType = folder.assetcatalog; path = Assets.xcassets; sourceTree = "<group>"; };
		B10000000000000000000007 /* 帧澈 ZENCHE.app */ = {isa = PBXFileReference; explicitFileType = wrapper.application; includeInIndex = 0; path = "帧澈 ZENCHE.app"; sourceTree = BUILT_PRODUCTS_DIR; };
		B10000000000000000000008 /* WirelessTransferServer.swift */ = {isa = PBXFileReference; lastKnownFileType = sourcecode.swift; path = WirelessTransferServer.swift; sourceTree = "<group>"; };
		B10000000000000000000009 /* DiagnosticLogger.swift */ = {isa = PBXFileReference; lastKnownFileType = sourcecode.swift; path = DiagnosticLogger.swift; sourceTree = "<group>"; };
		B10000000000000000000010 /* wechat-donation.png */ = {isa = PBXFileReference; lastKnownFileType = image.png; path = "../macos/Resources/wechat-donation.png"; sourceTree = SOURCE_ROOT; };
		B10000000000000000000011 /* UpdateController.swift */ = {isa = PBXFileReference; lastKnownFileType = sourcecode.swift; path = UpdateController.swift; sourceTree = "<group>"; };
		B10000000000000000000012 /* en */ = {isa = PBXFileReference; lastKnownFileType = text.plist.strings; name = en; path = en.lproj/Localizable.strings; sourceTree = "<group>"; };
		B10000000000000000000013 /* ja */ = {isa = PBXFileReference; lastKnownFileType = text.plist.strings; name = ja; path = ja.lproj/Localizable.strings; sourceTree = "<group>"; };
		B10000000000000000000015 /* en */ = {isa = PBXFileReference; lastKnownFileType = text.plist.strings; name = en; path = en.lproj/InfoPlist.strings; sourceTree = "<group>"; };
		B10000000000000000000016 /* ja */ = {isa = PBXFileReference; lastKnownFileType = text.plist.strings; name = ja; path = ja.lproj/InfoPlist.strings; sourceTree = "<group>"; };
		B10000000000000000000018 /* zh-Hans */ = {isa = PBXFileReference; lastKnownFileType = text.plist.strings; name = "zh-Hans"; path = "zh-Hans.lproj/Localizable.strings"; sourceTree = "<group>"; };
		B10000000000000000000019 /* zh-Hans */ = {isa = PBXFileReference; lastKnownFileType = text.plist.strings; name = "zh-Hans"; path = "zh-Hans.lproj/InfoPlist.strings"; sourceTree = "<group>"; };
		B10000000000000000000020 /* CaptureWorkflow.swift */ = {isa = PBXFileReference; lastKnownFileType = sourcecode.swift; path = CaptureWorkflow.swift; sourceTree = "<group>"; };
		B10000000000000000000021 /* ProfessionalMonitor.swift */ = {isa = PBXFileReference; lastKnownFileType = sourcecode.swift; path = ProfessionalMonitor.swift; sourceTree = "<group>"; };
		B10000000000000000000022 /* RemoteCaptureServices.swift */ = {isa = PBXFileReference; lastKnownFileType = sourcecode.swift; path = RemoteCaptureServices.swift; sourceTree = "<group>"; };
		B10000000000000000000023 /* CameraStorage.swift */ = {isa = PBXFileReference; lastKnownFileType = sourcecode.swift; path = CameraStorage.swift; sourceTree = "<group>"; };
		B10000000000000000000024 /* NikonCloudPreview.swift */ = {isa = PBXFileReference; lastKnownFileType = sourcecode.swift; path = "../shared/NikonCloudPreview.swift"; sourceTree = SOURCE_ROOT; };
		B10000000000000000000025 /* nikon-cloud-presets.json */ = {isa = PBXFileReference; lastKnownFileType = text.json; path = "../macos/Resources/nikon-cloud-presets.json"; sourceTree = SOURCE_ROOT; };
		B10000000000000000000026 /* ExternalVideoRecorder.swift */ = {isa = PBXFileReference; lastKnownFileType = sourcecode.swift; path = ExternalVideoRecorder.swift; sourceTree = "<group>"; };
		B10000000000000000000027 /* LivePhotoClipRecorder.swift */ = {isa = PBXFileReference; lastKnownFileType = sourcecode.swift; path = LivePhotoClipRecorder.swift; sourceTree = "<group>"; };
/* End PBXFileReference section */

/* Begin PBXFrameworksBuildPhase section */
		F10000000000000000000001 /* Frameworks */ = {
			isa = PBXFrameworksBuildPhase;
			buildActionMask = 2147483647;
			files = (
			);
			runOnlyForDeploymentPostprocessing = 0;
		};
/* End PBXFrameworksBuildPhase section */

/* Begin PBXGroup section */
		C10000000000000000000001 = {
			isa = PBXGroup;
			children = (
				C10000000000000000000002 /* NikonLink */,
				C10000000000000000000003 /* Products */,
			);
			sourceTree = "<group>";
		};
		C10000000000000000000002 /* NikonLink */ = {
			isa = PBXGroup;
			children = (
				C10000000000000000000004 /* App */,
				C10000000000000000000005 /* Models */,
				C10000000000000000000006 /* Camera */,
				C10000000000000000000009 /* Connectivity */,
				C10000000000000000000008 /* Transfer */,
				C10000000000000000000007 /* Views */,
				B10000000000000000000006 /* Assets.xcassets */,
				B10000000000000000000010 /* wechat-donation.png */,
				B10000000000000000000024 /* NikonCloudPreview.swift */,
				B10000000000000000000025 /* nikon-cloud-presets.json */,
				B10000000000000000000014 /* Localizable.strings */,
				B10000000000000000000017 /* InfoPlist.strings */,
				B10000000000000000000005 /* Info.plist */,
			);
			path = NikonLink;
			sourceTree = "<group>";
		};
		C10000000000000000000003 /* Products */ = {
			isa = PBXGroup;
			children = (
				B10000000000000000000007 /* 帧澈 ZENCHE.app */,
			);
			name = Products;
			sourceTree = "<group>";
		};
		C10000000000000000000004 /* App */ = {
			isa = PBXGroup;
			children = (
				B10000000000000000000001 /* NikonLinkApp.swift */,
			);
			path = App;
			sourceTree = "<group>";
		};
		C10000000000000000000005 /* Models */ = {
			isa = PBXGroup;
			children = (
				B10000000000000000000002 /* AppModel.swift */,
				B10000000000000000000009 /* DiagnosticLogger.swift */,
				B10000000000000000000011 /* UpdateController.swift */,
				B10000000000000000000020 /* CaptureWorkflow.swift */,
				B10000000000000000000023 /* CameraStorage.swift */,
				B10000000000000000000026 /* ExternalVideoRecorder.swift */,
				B10000000000000000000027 /* LivePhotoClipRecorder.swift */,
			);
			path = Models;
			sourceTree = "<group>";
		};
		C10000000000000000000006 /* Camera */ = {
			isa = PBXGroup;
			children = (
				B10000000000000000000003 /* CameraService.swift */,
				B10000000000000000000021 /* ProfessionalMonitor.swift */,
			);
			path = Camera;
			sourceTree = "<group>";
		};
		C10000000000000000000007 /* Views */ = {
			isa = PBXGroup;
			children = (
				B10000000000000000000004 /* RootView.swift */,
			);
			path = Views;
			sourceTree = "<group>";
		};
		C10000000000000000000008 /* Transfer */ = {
			isa = PBXGroup;
			children = (
				B10000000000000000000008 /* WirelessTransferServer.swift */,
			);
			path = Transfer;
			sourceTree = "<group>";
		};
		C10000000000000000000009 /* Connectivity */ = {
			isa = PBXGroup;
			children = (
				B10000000000000000000022 /* RemoteCaptureServices.swift */,
			);
			path = Connectivity;
			sourceTree = "<group>";
		};
/* End PBXGroup section */

/* Begin PBXNativeTarget section */
		D10000000000000000000001 /* NikonLink */ = {
			isa = PBXNativeTarget;
			buildConfigurationList = E10000000000000000000002 /* Build configuration list for PBXNativeTarget "NikonLink" */;
			buildPhases = (
				F10000000000000000000002 /* Sources */,
				F10000000000000000000001 /* Frameworks */,
				F10000000000000000000003 /* Resources */,
			);
			buildRules = (
			);
			dependencies = (
			);
			name = NikonLink;
			productName = NikonLink;
			productReference = B10000000000000000000007 /* 帧澈 ZENCHE.app */;
			productType = "com.apple.product-type.application";
		};
/* End PBXNativeTarget section */

/* Begin PBXProject section */
		D10000000000000000000002 /* Project object */ = {
			isa = PBXProject;
			attributes = {
				BuildIndependentTargetsInParallel = 1;
				LastSwiftUpdateCheck = 1600;
				LastUpgradeCheck = 1600;
				TargetAttributes = {
					D10000000000000000000001 = {
						CreatedOnToolsVersion = 16.0;
						ProvisioningStyle = Automatic;
					};
				};
			};
			buildConfigurationList = E10000000000000000000001 /* Build configuration list for PBXProject "NikonLink" */;
			compatibilityVersion = "Xcode 15.0";
			developmentRegion = "zh-Hans";
			hasScannedForEncodings = 0;
			knownRegions = (
				Base,
				en,
				ja,
				"zh-Hans",
			);
			mainGroup = C10000000000000000000001;
			productRefGroup = C10000000000000000000003 /* Products */;
			projectDirPath = "";
			projectRoot = "";
			targets = (
				D10000000000000000000001 /* NikonLink */,
			);
		};
/* End PBXProject section */

/* Begin PBXResourcesBuildPhase section */
		F10000000000000000000003 /* Resources */ = {
			isa = PBXResourcesBuildPhase;
			buildActionMask = 2147483647;
			files = (
				A10000000000000000000005 /* Assets.xcassets in Resources */,
				A10000000000000000000008 /* wechat-donation.png in Resources */,
				A10000000000000000000010 /* Localizable.strings in Resources */,
				A10000000000000000000011 /* InfoPlist.strings in Resources */,
				A10000000000000000000025 /* nikon-cloud-presets.json in Resources */,
			);
			runOnlyForDeploymentPostprocessing = 0;
		};
/* End PBXResourcesBuildPhase section */

/* Begin PBXSourcesBuildPhase section */
		F10000000000000000000002 /* Sources */ = {
			isa = PBXSourcesBuildPhase;
			buildActionMask = 2147483647;
			files = (
				A10000000000000000000001 /* NikonLinkApp.swift in Sources */,
				A10000000000000000000002 /* AppModel.swift in Sources */,
				A10000000000000000000003 /* CameraService.swift in Sources */,
				A10000000000000000000004 /* RootView.swift in Sources */,
				A10000000000000000000006 /* WirelessTransferServer.swift in Sources */,
				A10000000000000000000007 /* DiagnosticLogger.swift in Sources */,
				A10000000000000000000009 /* UpdateController.swift in Sources */,
				A10000000000000000000012 /* CaptureWorkflow.swift in Sources */,
				A10000000000000000000013 /* ProfessionalMonitor.swift in Sources */,
				A10000000000000000000022 /* RemoteCaptureServices.swift in Sources */,
				A10000000000000000000023 /* CameraStorage.swift in Sources */,
				A10000000000000000000024 /* NikonCloudPreview.swift in Sources */,
				A10000000000000000000026 /* ExternalVideoRecorder.swift in Sources */,
				A10000000000000000000027 /* LivePhotoClipRecorder.swift in Sources */,
			);
			runOnlyForDeploymentPostprocessing = 0;
		};
/* End PBXSourcesBuildPhase section */

/* Begin PBXVariantGroup section */
		B10000000000000000000014 /* Localizable.strings */ = {
			isa = PBXVariantGroup;
			children = (
				B10000000000000000000018 /* zh-Hans */,
				B10000000000000000000012 /* en */,
				B10000000000000000000013 /* ja */,
			);
			name = Localizable.strings;
			sourceTree = "<group>";
		};
		B10000000000000000000017 /* InfoPlist.strings */ = {
			isa = PBXVariantGroup;
			children = (
				B10000000000000000000019 /* zh-Hans */,
				B10000000000000000000015 /* en */,
				B10000000000000000000016 /* ja */,
			);
			name = InfoPlist.strings;
			sourceTree = "<group>";
		};
/* End PBXVariantGroup section */

/* Begin XCBuildConfiguration section */
		E10000000000000000000011 /* Debug */ = {
			isa = XCBuildConfiguration;
			buildSettings = {
				ALWAYS_SEARCH_USER_PATHS = NO;
				CLANG_ANALYZER_NONNULL = YES;
				CLANG_ANALYZER_NUMBER_OBJECT_CONVERSION = YES_AGGRESSIVE;
				CLANG_CXX_LANGUAGE_STANDARD = "gnu++20";
				CLANG_ENABLE_MODULES = YES;
				CLANG_ENABLE_OBJC_ARC = YES;
				CLANG_WARN_BLOCK_CAPTURE_AUTORELEASING = YES;
				CLANG_WARN_BOOL_CONVERSION = YES;
				CLANG_WARN_COMMA = YES;
				CLANG_WARN_CONSTANT_CONVERSION = YES;
				CLANG_WARN_DEPRECATED_OBJC_IMPLEMENTATIONS = YES;
				CLANG_WARN_DIRECT_OBJC_ISA_USAGE = YES_ERROR;
				CLANG_WARN_DOCUMENTATION_COMMENTS = YES;
				CLANG_WARN_EMPTY_BODY = YES;
				CLANG_WARN_ENUM_CONVERSION = YES;
				CLANG_WARN_INFINITE_RECURSION = YES;
				CLANG_WARN_INT_CONVERSION = YES;
				CLANG_WARN_NON_LITERAL_NULL_CONVERSION = YES;
				CLANG_WARN_OBJC_IMPLICIT_RETAIN_SELF = YES;
				CLANG_WARN_OBJC_LITERAL_CONVERSION = YES;
				CLANG_WARN_OBJC_ROOT_CLASS = YES_ERROR;
				CLANG_WARN_QUOTED_INCLUDE_IN_FRAMEWORK_HEADER = YES;
				CLANG_WARN_RANGE_LOOP_ANALYSIS = YES;
				CLANG_WARN_STRICT_PROTOTYPES = YES;
				CLANG_WARN_SUSPICIOUS_MOVE = YES;
				CLANG_WARN_UNGUARDED_AVAILABILITY = YES_AGGRESSIVE;
				CLANG_WARN_UNREACHABLE_CODE = YES;
				CLANG_WARN__DUPLICATE_METHOD_MATCH = YES;
				COPY_PHASE_STRIP = NO;
				DEBUG_INFORMATION_FORMAT = dwarf;
				ENABLE_STRICT_OBJC_MSGSEND = YES;
				ENABLE_TESTABILITY = YES;
				GCC_C_LANGUAGE_STANDARD = gnu17;
				GCC_DYNAMIC_NO_PIC = NO;
				GCC_NO_COMMON_BLOCKS = YES;
				GCC_OPTIMIZATION_LEVEL = 0;
				GCC_PREPROCESSOR_DEFINITIONS = (
					"DEBUG=1",
					"$(inherited)",
				);
				GCC_WARN_64_TO_32_BIT_CONVERSION = YES;
				GCC_WARN_ABOUT_RETURN_TYPE = YES_ERROR;
				GCC_WARN_UNDECLARED_SELECTOR = YES;
				GCC_WARN_UNINITIALIZED_AUTOS = YES_AGGRESSIVE;
				GCC_WARN_UNUSED_FUNCTION = YES;
				GCC_WARN_UNUSED_VARIABLE = YES;
				IPHONEOS_DEPLOYMENT_TARGET = 17.0;
				MTL_ENABLE_DEBUG_INFO = INCLUDE_SOURCE;
				MTL_FAST_MATH = YES;
				ONLY_ACTIVE_ARCH = YES;
				SDKROOT = iphoneos;
				SWIFT_ACTIVE_COMPILATION_CONDITIONS = "DEBUG $(inherited)";
				SWIFT_OPTIMIZATION_LEVEL = "-Onone";
			};
			name = Debug;
		};
		E10000000000000000000012 /* Release */ = {
			isa = XCBuildConfiguration;
			buildSettings = {
				ALWAYS_SEARCH_USER_PATHS = NO;
				CLANG_ANALYZER_NONNULL = YES;
				CLANG_ANALYZER_NUMBER_OBJECT_CONVERSION = YES_AGGRESSIVE;
				CLANG_CXX_LANGUAGE_STANDARD = "gnu++20";
				CLANG_ENABLE_MODULES = YES;
				CLANG_ENABLE_OBJC_ARC = YES;
				CLANG_WARN_BLOCK_CAPTURE_AUTORELEASING = YES;
				CLANG_WARN_BOOL_CONVERSION = YES;
				CLANG_WARN_COMMA = YES;
				CLANG_WARN_CONSTANT_CONVERSION = YES;
				CLANG_WARN_DEPRECATED_OBJC_IMPLEMENTATIONS = YES;
				CLANG_WARN_DIRECT_OBJC_ISA_USAGE = YES_ERROR;
				CLANG_WARN_DOCUMENTATION_COMMENTS = YES;
				CLANG_WARN_EMPTY_BODY = YES;
				CLANG_WARN_ENUM_CONVERSION = YES;
				CLANG_WARN_INFINITE_RECURSION = YES;
				CLANG_WARN_INT_CONVERSION = YES;
				CLANG_WARN_NON_LITERAL_NULL_CONVERSION = YES;
				CLANG_WARN_OBJC_IMPLICIT_RETAIN_SELF = YES;
				CLANG_WARN_OBJC_LITERAL_CONVERSION = YES;
				CLANG_WARN_OBJC_ROOT_CLASS = YES_ERROR;
				CLANG_WARN_QUOTED_INCLUDE_IN_FRAMEWORK_HEADER = YES;
				CLANG_WARN_RANGE_LOOP_ANALYSIS = YES;
				CLANG_WARN_STRICT_PROTOTYPES = YES;
				CLANG_WARN_SUSPICIOUS_MOVE = YES;
				CLANG_WARN_UNGUARDED_AVAILABILITY = YES_AGGRESSIVE;
				CLANG_WARN_UNREACHABLE_CODE = YES;
				CLANG_WARN__DUPLICATE_METHOD_MATCH = YES;
				COPY_PHASE_STRIP = NO;
				DEBUG_INFORMATION_FORMAT = "dwarf-with-dsym";
				ENABLE_NS_ASSERTIONS = NO;
				ENABLE_STRICT_OBJC_MSGSEND = YES;
				GCC_C_LANGUAGE_STANDARD = gnu17;
				GCC_NO_COMMON_BLOCKS = YES;
				GCC_WARN_64_TO_32_BIT_CONVERSION = YES;
				GCC_WARN_ABOUT_RETURN_TYPE = YES_ERROR;
				GCC_WARN_UNDECLARED_SELECTOR = YES;
				GCC_WARN_UNINITIALIZED_AUTOS = YES_AGGRESSIVE;
				GCC_WARN_UNUSED_FUNCTION = YES;
				GCC_WARN_UNUSED_VARIABLE = YES;
				IPHONEOS_DEPLOYMENT_TARGET = 17.0;
				MTL_ENABLE_DEBUG_INFO = NO;
				MTL_FAST_MATH = YES;
				SDKROOT = iphoneos;
				SWIFT_COMPILATION_MODE = wholemodule;
				VALIDATE_PRODUCT = YES;
			};
			name = Release;
		};
		E10000000000000000000021 /* Debug */ = {
			isa = XCBuildConfiguration;
			buildSettings = {
				ASSETCATALOG_COMPILER_ACCENT_COLOR_NAME = AccentColor;
				ASSETCATALOG_COMPILER_APPICON_NAME = AppIcon;
				CODE_SIGN_STYLE = Automatic;
						CURRENT_PROJECT_VERSION = 33;
				DEVELOPMENT_TEAM = "6GP2R2D6XW";
				ENABLE_PREVIEWS = YES;
				GENERATE_INFOPLIST_FILE = NO;
				INFOPLIST_FILE = NikonLink/Info.plist;
				IPHONEOS_DEPLOYMENT_TARGET = 17.0;
				LD_RUNPATH_SEARCH_PATHS = (
					"$(inherited)",
					"@executable_path/Frameworks",
				);
						MARKETING_VERSION = 1.5.8;
				PRODUCT_BUNDLE_IDENTIFIER = com.tauber.nikonlink.ios;
				PRODUCT_NAME = "帧澈 ZENCHE";
				SWIFT_EMIT_LOC_STRINGS = YES;
				SWIFT_VERSION = 5.0;
				TARGETED_DEVICE_FAMILY = "1,2";
			};
			name = Debug;
		};
		E10000000000000000000022 /* Release */ = {
			isa = XCBuildConfiguration;
			buildSettings = {
				ASSETCATALOG_COMPILER_ACCENT_COLOR_NAME = AccentColor;
				ASSETCATALOG_COMPILER_APPICON_NAME = AppIcon;
				CODE_SIGN_STYLE = Automatic;
						CURRENT_PROJECT_VERSION = 33;
				DEVELOPMENT_TEAM = "6GP2R2D6XW";
				GENERATE_INFOPLIST_FILE = NO;
				INFOPLIST_FILE = NikonLink/Info.plist;
				IPHONEOS_DEPLOYMENT_TARGET = 17.0;
				LD_RUNPATH_SEARCH_PATHS = (
					"$(inherited)",
					"@executable_path/Frameworks",
				);
					MARKETING_VERSION = 1.5.8;
				PRODUCT_BUNDLE_IDENTIFIER = com.tauber.nikonlink.ios;
				PRODUCT_NAME = "帧澈 ZENCHE";
				SWIFT_EMIT_LOC_STRINGS = YES;
				SWIFT_VERSION = 5.0;
				TARGETED_DEVICE_FAMILY = "1,2";
			};
			name = Release;
		};
/* End XCBuildConfiguration section */

/* Begin XCConfigurationList section */
		E10000000000000000000001 /* Build configuration list for PBXProject "NikonLink" */ = {
			isa = XCConfigurationList;
			buildConfigurations = (
				E10000000000000000000011 /* Debug */,
				E10000000000000000000012 /* Release */,
			);
			defaultConfigurationIsVisible = 0;
			defaultConfigurationName = Release;
		};
		E10000000000000000000002 /* Build configuration list for PBXNativeTarget "NikonLink" */ = {
			isa = XCConfigurationList;
			buildConfigurations = (
				E10000000000000000000021 /* Debug */,
				E10000000000000000000022 /* Release */,
			);
			defaultConfigurationIsVisible = 0;
			defaultConfigurationName = Release;
		};
/* End XCConfigurationList section */
	};
	rootObject = D10000000000000000000002 /* Project object */;
}
